{
  "name": "omarchy-proctop",
  "version": "0.1.0",
  "lockfileVersion": 3,
  "requires": true,
  "packages": {
    "": {
      "name": "omarchy-proctop",
      "version": "0.1.0",
      "dependencies": {
        "yeetkit-omarchy": "file:../yeetkit-omarchy"
      }
    },
    "../yeetkit-omarchy": {
      "version": "0.1.0",
      "dependencies": {
        "@babel/core": "^7.26.0",
        "@babel/preset-typescript": "^7.26.0",
        "babel-preset-solid": "^1.9.0",
        "esbuild": "^0.28.0",
        "solid-js": "^1.9.0"
      },
      "bin": {
        "yeetkit-omarchy": "bin/yeetkit-omarchy.mjs"
      },
      "engines": {
        "node": ">=20"
      }
    },
    "node_modules/yeetkit-omarchy": {
      "resolved": "../yeetkit-omarchy",
      "link": true
    }
  }
}
